
Microsoft Visual Studio Solution File, Format Version 12.00
# Visual Studio Version 17
VisualStudioVersion = 17.14.36518.9
MinimumVisualStudioVersion = 10.0.40219.1
Project("{FAE04EC0-301F-11D3-BF4B-00C04F79EFBC}") = "TasksDone", "TasksDone.csproj", "{BB8C0134-231C-1905-A933-2775D4D5CBE2}"
EndProject
Project("{FAE04EC0-301F-11D3-BF4B-00C04F79EFBC}") = "TasksDone.UI", "..\TasksDone.UI\TasksDone.UI.csproj", "{4D38F311-5513-4745-9E23-C03C6E876B65}"
EndProject
Project("{FAE04EC0-301F-11D3-BF4B-00C04F79EFBC}") = "TasksDone.Domain", "..\TasksDone.Domain\TasksDone.Domain.csproj", "{5A327EAF-94E9-4DB1-9D5A-C5ECC02CE1C7}"
EndProject
Project("{FAE04EC0-301F-11D3-BF4B-00C04F79EFBC}") = "TasksDone.Application", "..\TasksDone.Application\TasksDone.Application.csproj", "{BDB853EA-26E0-4408-86B8-1980BB5DECD9}"
EndProject
Project("{FAE04EC0-301F-11D3-BF4B-00C04F79EFBC}") = "TasksDone.Infrastructure", "..\TasksDone.Infrastructure\TasksDone.Infrastructure.csproj", "{465AE70C-F435-4E40-A7EE-0FB60AFDA9B6}"
EndProject
Global
	GlobalSection(SolutionConfigurationPlatforms) = preSolution
		Debug|Any CPU = Debug|Any CPU
		Debug|x64 = Debug|x64
		Debug|x86 = Debug|x86
		Release|Any CPU = Release|Any CPU
		Release|x64 = Release|x64
		Release|x86 = Release|x86
	EndGlobalSection
	GlobalSection(ProjectConfigurationPlatforms) = postSolution
		{BB8C0134-231C-1905-A933-2775D4D5CBE2}.Debug|Any CPU.ActiveCfg = Debug|Any CPU
		{BB8C0134-231C-1905-A933-2775D4D5CBE2}.Debug|Any CPU.Build.0 = Debug|Any CPU
		{BB8C0134-231C-1905-A933-2775D4D5CBE2}.Debug|x64.ActiveCfg = Debug|Any CPU
		{BB8C0134-231C-1905-A933-2775D4D5CBE2}.Debug|x64.Build.0 = Debug|Any CPU
		{BB8C0134-231C-1905-A933-2775D4D5CBE2}.Debug|x86.ActiveCfg = Debug|Any CPU
		{BB8C0134-231C-1905-A933-2775D4D5CBE2}.Debug|x86.Build.0 = Debug|Any CPU
		{BB8C0134-231C-1905-A933-2775D4D5CBE2}.Release|Any CPU.ActiveCfg = Release|Any CPU
		{BB8C0134-231C-1905-A933-2775D4D5CBE2}.Release|Any CPU.Build.0 = Release|Any CPU
		{BB8C0134-231C-1905-A933-2775D4D5CBE2}.Release|x64.ActiveCfg = Release|Any CPU
		{BB8C0134-231C-1905-A933-2775D4D5CBE2}.Release|x64.Build.0 = Release|Any CPU
		{BB8C0134-231C-1905-A933-2775D4D5CBE2}.Release|x86.ActiveCfg = Release|Any CPU
		{BB8C0134-231C-1905-A933-2775D4D5CBE2}.Release|x86.Build.0 = Release|Any CPU
		{4D38F311-5513-4745-9E23-C03C6E876B65}.Debug|Any CPU.ActiveCfg = Debug|Any CPU
		{4D38F311-5513-4745-9E23-C03C6E876B65}.Debug|Any CPU.Build.0 = Debug|Any CPU
		{4D38F311-5513-4745-9E23-C03C6E876B65}.Debug|x64.ActiveCfg = Debug|Any CPU
		{4D38F311-5513-4745-9E23-C03C6E876B65}.Debug|x64.Build.0 = Debug|Any CPU
		{4D38F311-5513-4745-9E23-C03C6E876B65}.Debug|x86.ActiveCfg = Debug|Any CPU
		{4D38F311-5513-4745-9E23-C03C6E876B65}.Debug|x86.Build.0 = Debug|Any CPU
		{4D38F311-5513-4745-9E23-C03C6E876B65}.Release|Any CPU.ActiveCfg = Release|Any CPU
		{4D38F311-5513-4745-9E23-C03C6E876B65}.Release|Any CPU.Build.0 = Release|Any CPU
		{4D38F311-5513-4745-9E23-C03C6E876B65}.Release|x64.ActiveCfg = Release|Any CPU
		{4D38F311-5513-4745-9E23-C03C6E876B65}.Release|x64.Build.0 = Release|Any CPU
		{4D38F311-5513-4745-9E23-C03C6E876B65}.Release|x86.ActiveCfg = Release|Any CPU
		{4D38F311-5513-4745-9E23-C03C6E876B65}.Release|x86.Build.0 = Release|Any CPU
		{5A327EAF-94E9-4DB1-9D5A-C5ECC02CE1C7}.Debug|Any CPU.ActiveCfg = Debug|Any CPU
		{5A327EAF-94E9-4DB1-9D5A-C5ECC02CE1C7}.Debug|Any CPU.Build.0 = Debug|Any CPU
		{5A327EAF-94E9-4DB1-9D5A-C5ECC02CE1C7}.Debug|x64.ActiveCfg = Debug|Any CPU
		{5A327EAF-94E9-4DB1-9D5A-C5ECC02CE1C7}.Debug|x64.Build.0 = Debug|Any CPU
		{5A327EAF-94E9-4DB1-9D5A-C5ECC02CE1C7}.Debug|x86.ActiveCfg = Debug|Any CPU
		{5A327EAF-94E9-4DB1-9D5A-C5ECC02CE1C7}.Debug|x86.Build.0 = Debug|Any CPU
		{5A327EAF-94E9-4DB1-9D5A-C5ECC02CE1C7}.Release|Any CPU.ActiveCfg = Release|Any CPU
		{5A327EAF-94E9-4DB1-9D5A-C5ECC02CE1C7}.Release|Any CPU.Build.0 = Release|Any CPU
		{5A327EAF-94E9-4DB1-9D5A-C5ECC02CE1C7}.Release|x64.ActiveCfg = Release|Any CPU
		{5A327EAF-94E9-4DB1-9D5A-C5ECC02CE1C7}.Release|x64.Build.0 = Release|Any CPU
		{5A327EAF-94E9-4DB1-9D5A-C5ECC02CE1C7}.Release|x86.ActiveCfg = Release|Any CPU
		{5A327EAF-94E9-4DB1-9D5A-C5ECC02CE1C7}.Release|x86.Build.0 = Release|Any CPU
		{BDB853EA-26E0-4408-86B8-1980BB5DECD9}.Debug|Any CPU.ActiveCfg = Debug|Any CPU
		{BDB853EA-26E0-4408-86B8-1980BB5DECD9}.Debug|Any CPU.Build.0 = Debug|Any CPU
		{BDB853EA-26E0-4408-86B8-1980BB5DECD9}.Debug|x64.ActiveCfg = Debug|Any CPU
		{BDB853EA-26E0-4408-86B8-1980BB5DECD9}.Debug|x64.Build.0 = Debug|Any CPU
		{BDB853EA-26E0-4408-86B8-1980BB5DECD9}.Debug|x86.ActiveCfg = Debug|Any CPU
		{BDB853EA-26E0-4408-86B8-1980BB5DECD9}.Debug|x86.Build.0 = Debug|Any CPU
		{BDB853EA-26E0-4408-86B8-1980BB5DECD9}.Release|Any CPU.ActiveCfg = Release|Any CPU
		{BDB853EA-26E0-4408-86B8-1980BB5DECD9}.Release|Any CPU.Build.0 = Release|Any CPU
		{BDB853EA-26E0-4408-86B8-1980BB5DECD9}.Release|x64.ActiveCfg = Release|Any CPU
		{BDB853EA-26E0-4408-86B8-1980BB5DECD9}.Release|x64.Build.0 = Release|Any CPU
		{BDB853EA-26E0-4408-86B8-1980BB5DECD9}.Release|x86.ActiveCfg = Release|Any CPU
		{BDB853EA-26E0-4408-86B8-1980BB5DECD9}.Release|x86.Build.0 = Release|Any CPU
		{465AE70C-F435-4E40-A7EE-0FB60AFDA9B6}.Debug|Any CPU.ActiveCfg = Debug|Any CPU
		{465AE70C-F435-4E40-A7EE-0FB60AFDA9B6}.Debug|Any CPU.Build.0 = Debug|Any CPU
		{465AE70C-F435-4E40-A7EE-0FB60AFDA9B6}.Debug|x64.ActiveCfg = Debug|Any CPU
		{465AE70C-F435-4E40-A7EE-0FB60AFDA9B6}.Debug|x64.Build.0 = Debug|Any CPU
		{465AE70C-F435-4E40-A7EE-0FB60AFDA9B6}.Debug|x86.ActiveCfg = Debug|Any CPU
		{465AE70C-F435-4E40-A7EE-0FB60AFDA9B6}.Debug|x86.Build.0 = Debug|Any CPU
		{465AE70C-F435-4E40-A7EE-0FB60AFDA9B6}.Release|Any CPU.ActiveCfg = Release|Any CPU
		{465AE70C-F435-4E40-A7EE-0FB60AFDA9B6}.Release|Any CPU.Build.0 = Release|Any CPU
		{465AE70C-F435-4E40-A7EE-0FB60AFDA9B6}.Release|x64.ActiveCfg = Release|Any CPU
		{465AE70C-F435-4E40-A7EE-0FB60AFDA9B6}.Release|x64.Build.0 = Release|Any CPU
		{465AE70C-F435-4E40-A7EE-0FB60AFDA9B6}.Release|x86.ActiveCfg = Release|Any CPU
		{465AE70C-F435-4E40-A7EE-0FB60AFDA9B6}.Release|x86.Build.0 = Release|Any CPU
	EndGlobalSection
	GlobalSection(SolutionProperties) = preSolution
		HideSolutionNode = FALSE
	EndGlobalSection
	GlobalSection(ExtensibilityGlobals) = postSolution
		SolutionGuid = {5C4C6950-8E5B-4010-A966-3537F28D28B5}
	EndGlobalSection
EndGlobal
